
Microsoft Visual Studio Solution File, Format Version 12.00
# Visual Studio Version 16
VisualStudioVersion = 16.0.31112.23
MinimumVisualStudioVersion = 10.0.40219.1
Project("{FAE04EC0-301F-11D3-BF4B-00C04F79EFBC}") = "CreatedMd5Code", "CreatedMd5Code\CreatedMd5Code.csproj", "{A135772B-7B4C-4E2D-B3AE-FC47A5F8759D}"
EndProject
Global
	GlobalSection(SolutionConfigurationPlatforms) = preSolution
		Debug|Any CPU = Debug|Any CPU
		Release|Any CPU = Release|Any CPU
	EndGlobalSection
	GlobalSection(ProjectConfigurationPlatforms) = postSolution
		{A135772B-7B4C-4E2D-B3AE-FC47A5F8759D}.Debug|Any CPU.ActiveCfg = Debug|Any CPU
		{A135772B-7B4C-4E2D-B3AE-FC47A5F8759D}.Debug|Any CPU.Build.0 = Debug|Any CPU
		{A135772B-7B4C-4E2D-B3AE-FC47A5F8759D}.Release|Any CPU.ActiveCfg = Release|Any CPU
		{A135772B-7B4C-4E2D-B3AE-FC47A5F8759D}.Release|Any CPU.Build.0 = Release|Any CPU
	EndGlobalSection
	GlobalSection(SolutionProperties) = preSolution
		HideSolutionNode = FALSE
	EndGlobalSection
	GlobalSection(ExtensibilityGlobals) = postSolution
		SolutionGuid = {A9D09923-DE9A-463E-A918-AA60FE7034FE}
	EndGlobalSection
EndGlobal
